
Microsoft Visual Studio Solution File, Format Version 12.00
# Visual Studio 2015
Project("{FAE04EC0-301F-11D3-BF4B-00C04F79EFBC}") = "AR_Defender_1019", "AR_Defender_1019.csproj", "{C6AD0505-C576-82CA-4C33-5049F1B98A92}"
EndProject
Project("{FAE04EC0-301F-11D3-BF4B-00C04F79EFBC}") = "AR_Defender_1019.Editor", "AR_Defender_1019.Editor.csproj", "{BFDE343A-481D-B261-8977-21F64B6A3373}"
EndProject
Global
	GlobalSection(SolutionConfigurationPlatforms) = preSolution
		Debug|Any CPU = Debug|Any CPU
		Release|Any CPU = Release|Any CPU
	EndGlobalSection
	GlobalSection(ProjectConfigurationPlatforms) = postSolution
		{C6AD0505-C576-82CA-4C33-5049F1B98A92}.Debug|Any CPU.ActiveCfg = Debug|Any CPU
		{C6AD0505-C576-82CA-4C33-5049F1B98A92}.Debug|Any CPU.Build.0 = Debug|Any CPU
		{C6AD0505-C576-82CA-4C33-5049F1B98A92}.Release|Any CPU.ActiveCfg = Release|Any CPU
		{C6AD0505-C576-82CA-4C33-5049F1B98A92}.Release|Any CPU.Build.0 = Release|Any CPU
		{BFDE343A-481D-B261-8977-21F64B6A3373}.Debug|Any CPU.ActiveCfg = Debug|Any CPU
		{BFDE343A-481D-B261-8977-21F64B6A3373}.Debug|Any CPU.Build.0 = Debug|Any CPU
		{BFDE343A-481D-B261-8977-21F64B6A3373}.Release|Any CPU.ActiveCfg = Release|Any CPU
		{BFDE343A-481D-B261-8977-21F64B6A3373}.Release|Any CPU.Build.0 = Release|Any CPU
	EndGlobalSection
	GlobalSection(SolutionProperties) = preSolution
		HideSolutionNode = FALSE
	EndGlobalSection
EndGlobal
