
Microsoft Visual Studio Solution File, Format Version 12.00
# Visual Studio 2015
Project("{FAE04EC0-301F-11D3-BF4B-00C04F79EFBC}") = "AR_Defender", "AR_Defender.csproj", "{8ECB1686-24C2-A35D-3C12-65FD91457103}"
EndProject
Project("{FAE04EC0-301F-11D3-BF4B-00C04F79EFBC}") = "AR_Defender.Editor", "AR_Defender.Editor.csproj", "{B0A219A4-C9FE-6D11-B29A-45660474FBA3}"
EndProject
Global
	GlobalSection(SolutionConfigurationPlatforms) = preSolution
		Debug|Any CPU = Debug|Any CPU
		Release|Any CPU = Release|Any CPU
	EndGlobalSection
	GlobalSection(ProjectConfigurationPlatforms) = postSolution
		{8ECB1686-24C2-A35D-3C12-65FD91457103}.Debug|Any CPU.ActiveCfg = Debug|Any CPU
		{8ECB1686-24C2-A35D-3C12-65FD91457103}.Debug|Any CPU.Build.0 = Debug|Any CPU
		{8ECB1686-24C2-A35D-3C12-65FD91457103}.Release|Any CPU.ActiveCfg = Release|Any CPU
		{8ECB1686-24C2-A35D-3C12-65FD91457103}.Release|Any CPU.Build.0 = Release|Any CPU
		{B0A219A4-C9FE-6D11-B29A-45660474FBA3}.Debug|Any CPU.ActiveCfg = Debug|Any CPU
		{B0A219A4-C9FE-6D11-B29A-45660474FBA3}.Debug|Any CPU.Build.0 = Debug|Any CPU
		{B0A219A4-C9FE-6D11-B29A-45660474FBA3}.Release|Any CPU.ActiveCfg = Release|Any CPU
		{B0A219A4-C9FE-6D11-B29A-45660474FBA3}.Release|Any CPU.Build.0 = Release|Any CPU
	EndGlobalSection
	GlobalSection(SolutionProperties) = preSolution
		HideSolutionNode = FALSE
	EndGlobalSection
EndGlobal
